
Microsoft Visual Studio Solution File, Format Version 12.00
# Visual Studio Version 16
VisualStudioVersion = 16.0.29418.71
MinimumVisualStudioVersion = 10.0.40219.1
Project("{FAE04EC0-301F-11D3-BF4B-00C04F79EFBC}") = "TicTacToe.Foundation", "TicTacToe.Foundation\TicTacToe.Foundation\TicTacToe.Foundation.csproj", "{2FDB5C28-DAED-43AC-B783-C2E6FE7A1341}"
EndProject
Project("{FAE04EC0-301F-11D3-BF4B-00C04F79EFBC}") = "TicTacToe", "TicTacToe\TicTacToe.csproj", "{D2E97FFB-5363-45EE-8E1A-5DE0F057E5F6}"
EndProject
Project("{FAE04EC0-301F-11D3-BF4B-00C04F79EFBC}") = "TicTacToe.Common", "TicTacToe.Common\TicTacToe.Common\TicTacToe.Common.csproj", "{6422DF80-855A-4803-8232-BD04B8A2C8B6}"
EndProject
Project("{FAE04EC0-301F-11D3-BF4B-00C04F79EFBC}") = "TicTacToe.Console", "TicTacToe.Console\TicTacToe.Console\TicTacToe.Console.csproj", "{AA83AD16-9086-4A30-B7C9-B8472809B826}"
EndProject
Global
	GlobalSection(SolutionConfigurationPlatforms) = preSolution
		Debug|Any CPU = Debug|Any CPU
		Release|Any CPU = Release|Any CPU
	EndGlobalSection
	GlobalSection(ProjectConfigurationPlatforms) = postSolution
		{2FDB5C28-DAED-43AC-B783-C2E6FE7A1341}.Debug|Any CPU.ActiveCfg = Debug|Any CPU
		{2FDB5C28-DAED-43AC-B783-C2E6FE7A1341}.Debug|Any CPU.Build.0 = Debug|Any CPU
		{2FDB5C28-DAED-43AC-B783-C2E6FE7A1341}.Release|Any CPU.ActiveCfg = Release|Any CPU
		{2FDB5C28-DAED-43AC-B783-C2E6FE7A1341}.Release|Any CPU.Build.0 = Release|Any CPU
		{D2E97FFB-5363-45EE-8E1A-5DE0F057E5F6}.Debug|Any CPU.ActiveCfg = Debug|Any CPU
		{D2E97FFB-5363-45EE-8E1A-5DE0F057E5F6}.Debug|Any CPU.Build.0 = Debug|Any CPU
		{D2E97FFB-5363-45EE-8E1A-5DE0F057E5F6}.Release|Any CPU.ActiveCfg = Release|Any CPU
		{D2E97FFB-5363-45EE-8E1A-5DE0F057E5F6}.Release|Any CPU.Build.0 = Release|Any CPU
		{6422DF80-855A-4803-8232-BD04B8A2C8B6}.Debug|Any CPU.ActiveCfg = Debug|Any CPU
		{6422DF80-855A-4803-8232-BD04B8A2C8B6}.Debug|Any CPU.Build.0 = Debug|Any CPU
		{6422DF80-855A-4803-8232-BD04B8A2C8B6}.Release|Any CPU.ActiveCfg = Release|Any CPU
		{6422DF80-855A-4803-8232-BD04B8A2C8B6}.Release|Any CPU.Build.0 = Release|Any CPU
		{AA83AD16-9086-4A30-B7C9-B8472809B826}.Debug|Any CPU.ActiveCfg = Debug|Any CPU
		{AA83AD16-9086-4A30-B7C9-B8472809B826}.Debug|Any CPU.Build.0 = Debug|Any CPU
		{AA83AD16-9086-4A30-B7C9-B8472809B826}.Release|Any CPU.ActiveCfg = Release|Any CPU
		{AA83AD16-9086-4A30-B7C9-B8472809B826}.Release|Any CPU.Build.0 = Release|Any CPU
	EndGlobalSection
	GlobalSection(SolutionProperties) = preSolution
		HideSolutionNode = FALSE
	EndGlobalSection
	GlobalSection(ExtensibilityGlobals) = postSolution
		SolutionGuid = {BF17979C-AA8D-404A-AB61-B3FA0618029A}
	EndGlobalSection
EndGlobal
